dependencies:
- name: postgresql
  repository: https://charts.bitnami.com/bitnami
  version: 15.2.5
- name: mongodb
  repository: https://charts.bitnami.com/bitnami
  version: 15.1.5
- name: enrichment-db-migrations
  repository: file://../../enrichment-db-migrations/chart
  version: 0.7.0
digest: sha256:c38df8a4fdc32cc93962c87c8a7e8ef6da7fee48f03c0972b467691c124adfef
generated: "2024-07-14T18:24:02.622213661+01:00"
