dependencies:
- name: postgresql
  repository: https://charts.bitnami.com/bitnami
  version: 15.2.5
- name: mongodb
  repository: https://charts.bitnami.com/bitnami
  version: 15.1.5
- name: neo4j
  repository: https://helm.neo4j.com/neo4j
  version: "5.23"
digest: sha256:7f6453b90ab68d22fd24b598590a464c4546a0188273dba521931e80402f56e0
generated: "2024-09-27T15:07:10.978131093+02:00"
