dependencies:
- name: postgresql
  repository: https://charts.bitnami.com/bitnami
  version: 15.2.5
- name: mongodb
  repository: https://charts.bitnami.com/bitnami
  version: 15.1.5
- name: enrichment-db-migrations
  repository: oci://ghcr.io/ocurity/dracon/charts
  version: 0.20.3
digest: sha256:c22861cb2a7caaad1972d34cf030f9ae9ea571f15f6ed6a3c4ca4c55511770d7
generated: "2024-07-16T12:23:57.592988635+01:00"
